
Microsoft Visual Studio Solution File, Format Version 12.00
# Visual Studio Version 17
VisualStudioVersion = 17.0.31903.59
MinimumVisualStudioVersion = 10.0.40219.1
Project("{2150E333-8FDC-42A3-9474-1A3956D46DE8}") = "src", "src", "{8F3CF078-0A80-4218-A49F-0CFF97A6F9F9}"
EndProject
Project("{FAE04EC0-301F-11D3-BF4B-00C04F79EFBC}") = "BlazorBudget.Web", "src\BlazorBudget.Web\BlazorBudget.Web.csproj", "{89324836-4C03-4AF7-9247-788C5991D0A5}"
EndProject
Project("{FAE04EC0-301F-11D3-BF4B-00C04F79EFBC}") = "BlazorBudget.Core", "src\BlazorBudget.Core\BlazorBudget.Core.csproj", "{73F77CAA-77D0-498D-A768-02F0A9D3FE21}"
EndProject
Project("{2150E333-8FDC-42A3-9474-1A3956D46DE8}") = "test", "test", "{6E7C5F21-3079-4C66-BAAF-FB9C2B84375F}"
EndProject
Project("{FAE04EC0-301F-11D3-BF4B-00C04F79EFBC}") = "BlazorBudget.Core.Tests", "test\BlazorBudget.Core.Tests\BlazorBudget.Core.Tests.csproj", "{0663C8B8-E865-48D2-AF9F-562A6ED33852}"
EndProject
Global
	GlobalSection(SolutionConfigurationPlatforms) = preSolution
		Debug|Any CPU = Debug|Any CPU
		Release|Any CPU = Release|Any CPU
	EndGlobalSection
	GlobalSection(SolutionProperties) = preSolution
		HideSolutionNode = FALSE
	EndGlobalSection
	GlobalSection(ProjectConfigurationPlatforms) = postSolution
		{89324836-4C03-4AF7-9247-788C5991D0A5}.Debug|Any CPU.ActiveCfg = Debug|Any CPU
		{89324836-4C03-4AF7-9247-788C5991D0A5}.Debug|Any CPU.Build.0 = Debug|Any CPU
		{89324836-4C03-4AF7-9247-788C5991D0A5}.Release|Any CPU.ActiveCfg = Release|Any CPU
		{89324836-4C03-4AF7-9247-788C5991D0A5}.Release|Any CPU.Build.0 = Release|Any CPU
		{73F77CAA-77D0-498D-A768-02F0A9D3FE21}.Debug|Any CPU.ActiveCfg = Debug|Any CPU
		{73F77CAA-77D0-498D-A768-02F0A9D3FE21}.Debug|Any CPU.Build.0 = Debug|Any CPU
		{73F77CAA-77D0-498D-A768-02F0A9D3FE21}.Release|Any CPU.ActiveCfg = Release|Any CPU
		{73F77CAA-77D0-498D-A768-02F0A9D3FE21}.Release|Any CPU.Build.0 = Release|Any CPU
		{0663C8B8-E865-48D2-AF9F-562A6ED33852}.Debug|Any CPU.ActiveCfg = Debug|Any CPU
		{0663C8B8-E865-48D2-AF9F-562A6ED33852}.Debug|Any CPU.Build.0 = Debug|Any CPU
		{0663C8B8-E865-48D2-AF9F-562A6ED33852}.Release|Any CPU.ActiveCfg = Release|Any CPU
		{0663C8B8-E865-48D2-AF9F-562A6ED33852}.Release|Any CPU.Build.0 = Release|Any CPU
	EndGlobalSection
	GlobalSection(NestedProjects) = preSolution
		{89324836-4C03-4AF7-9247-788C5991D0A5} = {8F3CF078-0A80-4218-A49F-0CFF97A6F9F9}
		{73F77CAA-77D0-498D-A768-02F0A9D3FE21} = {8F3CF078-0A80-4218-A49F-0CFF97A6F9F9}
		{0663C8B8-E865-48D2-AF9F-562A6ED33852} = {6E7C5F21-3079-4C66-BAAF-FB9C2B84375F}
	EndGlobalSection
EndGlobal
